
Microsoft Visual Studio Solution File, Format Version 12.00
# Visual Studio 15
VisualStudioVersion = 15.0.27703.2000
MinimumVisualStudioVersion = 10.0.40219.1
Project("{FAE04EC0-301F-11D3-BF4B-00C04F79EFBC}") = "ConfigWrapper", "ConfigWrapper\ConfigWrapper.csproj", "{83D38ABA-E941-478F-83F1-F053D54B08A3}"
EndProject
Project("{FAE04EC0-301F-11D3-BF4B-00C04F79EFBC}") = "ConfigWrapper.Tests", "ConfigWrapper.Tests\ConfigWrapper.Tests.csproj", "{8EDF4429-251A-416D-BB68-93F227191BCF}"
EndProject
Project("{2150E333-8FDC-42A3-9474-1A3956D46DE8}") = "Solution Items", "Solution Items", "{E528AFA7-FBFB-4B54-A698-70FF7C154886}"
	ProjectSection(SolutionItems) = preProject
		ConfigWrapper.Json\ConfigWrapper.json.nuspec = ConfigWrapper.Json\ConfigWrapper.json.nuspec
		ConfigWrapper\ConfigWrapper.nuspec = ConfigWrapper\ConfigWrapper.nuspec
		..\README.md = ..\README.md
	EndProjectSection
EndProject
Project("{FAE04EC0-301F-11D3-BF4B-00C04F79EFBC}") = "ConfigWrapper.Json", "ConfigWrapper.Json\ConfigWrapper.Json.csproj", "{B6486DCF-1693-4462-8B30-CE4ACF7DCF00}"
EndProject
Global
	GlobalSection(SolutionConfigurationPlatforms) = preSolution
		Debug|Any CPU = Debug|Any CPU
		Release|Any CPU = Release|Any CPU
	EndGlobalSection
	GlobalSection(ProjectConfigurationPlatforms) = postSolution
		{83D38ABA-E941-478F-83F1-F053D54B08A3}.Debug|Any CPU.ActiveCfg = Debug|Any CPU
		{83D38ABA-E941-478F-83F1-F053D54B08A3}.Debug|Any CPU.Build.0 = Debug|Any CPU
		{83D38ABA-E941-478F-83F1-F053D54B08A3}.Release|Any CPU.ActiveCfg = Release|Any CPU
		{83D38ABA-E941-478F-83F1-F053D54B08A3}.Release|Any CPU.Build.0 = Release|Any CPU
		{8EDF4429-251A-416D-BB68-93F227191BCF}.Debug|Any CPU.ActiveCfg = Debug|Any CPU
		{8EDF4429-251A-416D-BB68-93F227191BCF}.Debug|Any CPU.Build.0 = Debug|Any CPU
		{8EDF4429-251A-416D-BB68-93F227191BCF}.Release|Any CPU.ActiveCfg = Release|Any CPU
		{8EDF4429-251A-416D-BB68-93F227191BCF}.Release|Any CPU.Build.0 = Release|Any CPU
		{B6486DCF-1693-4462-8B30-CE4ACF7DCF00}.Debug|Any CPU.ActiveCfg = Debug|Any CPU
		{B6486DCF-1693-4462-8B30-CE4ACF7DCF00}.Debug|Any CPU.Build.0 = Debug|Any CPU
		{B6486DCF-1693-4462-8B30-CE4ACF7DCF00}.Release|Any CPU.ActiveCfg = Release|Any CPU
		{B6486DCF-1693-4462-8B30-CE4ACF7DCF00}.Release|Any CPU.Build.0 = Release|Any CPU
	EndGlobalSection
	GlobalSection(SolutionProperties) = preSolution
		HideSolutionNode = FALSE
	EndGlobalSection
	GlobalSection(ExtensibilityGlobals) = postSolution
		SolutionGuid = {80D93925-03C2-4300-9160-03F83CC9C2B2}
	EndGlobalSection
EndGlobal
